
Microsoft Visual Studio Solution File, Format Version 12.00
# Visual Studio Version 17
VisualStudioVersion = 17.4.33213.308
MinimumVisualStudioVersion = 10.0.40219.1
Project("{9A19103F-16F7-4668-BE54-9A1E7A4F7556}") = "pvp-status", "pvp-status\pvp-status.csproj", "{89BE664E-3112-43E2-B9E0-F88A53F2BE1B}"
EndProject
Project("{FAE04EC0-301F-11D3-BF4B-00C04F79EFBC}") = "status-form", "status-form\status-form.csproj", "{E22E7EBE-4232-48A8-A25C-093C8253C8EA}"
EndProject
Project("{FAE04EC0-301F-11D3-BF4B-00C04F79EFBC}") = "status-web", "status-web\status-web.csproj", "{185F1B0E-A1A6-4372-9DFF-B4DE2C21D378}"
EndProject
Project("{FAE04EC0-301F-11D3-BF4B-00C04F79EFBC}") = "BlazorApp1", "BlazorApp1\BlazorApp1.csproj", "{9B4E4F6F-69DD-40E2-A6C8-4ACE86E6C560}"
EndProject
Global
	GlobalSection(SolutionConfigurationPlatforms) = preSolution
		Debug|Any CPU = Debug|Any CPU
		Release|Any CPU = Release|Any CPU
	EndGlobalSection
	GlobalSection(ProjectConfigurationPlatforms) = postSolution
		{89BE664E-3112-43E2-B9E0-F88A53F2BE1B}.Debug|Any CPU.ActiveCfg = Debug|Any CPU
		{89BE664E-3112-43E2-B9E0-F88A53F2BE1B}.Debug|Any CPU.Build.0 = Debug|Any CPU
		{89BE664E-3112-43E2-B9E0-F88A53F2BE1B}.Release|Any CPU.ActiveCfg = Release|Any CPU
		{89BE664E-3112-43E2-B9E0-F88A53F2BE1B}.Release|Any CPU.Build.0 = Release|Any CPU
		{E22E7EBE-4232-48A8-A25C-093C8253C8EA}.Debug|Any CPU.ActiveCfg = Debug|Any CPU
		{E22E7EBE-4232-48A8-A25C-093C8253C8EA}.Debug|Any CPU.Build.0 = Debug|Any CPU
		{E22E7EBE-4232-48A8-A25C-093C8253C8EA}.Release|Any CPU.ActiveCfg = Release|Any CPU
		{E22E7EBE-4232-48A8-A25C-093C8253C8EA}.Release|Any CPU.Build.0 = Release|Any CPU
		{185F1B0E-A1A6-4372-9DFF-B4DE2C21D378}.Debug|Any CPU.ActiveCfg = Debug|Any CPU
		{185F1B0E-A1A6-4372-9DFF-B4DE2C21D378}.Debug|Any CPU.Build.0 = Debug|Any CPU
		{185F1B0E-A1A6-4372-9DFF-B4DE2C21D378}.Release|Any CPU.ActiveCfg = Release|Any CPU
		{185F1B0E-A1A6-4372-9DFF-B4DE2C21D378}.Release|Any CPU.Build.0 = Release|Any CPU
		{9B4E4F6F-69DD-40E2-A6C8-4ACE86E6C560}.Debug|Any CPU.ActiveCfg = Debug|Any CPU
		{9B4E4F6F-69DD-40E2-A6C8-4ACE86E6C560}.Debug|Any CPU.Build.0 = Debug|Any CPU
		{9B4E4F6F-69DD-40E2-A6C8-4ACE86E6C560}.Release|Any CPU.ActiveCfg = Release|Any CPU
		{9B4E4F6F-69DD-40E2-A6C8-4ACE86E6C560}.Release|Any CPU.Build.0 = Release|Any CPU
	EndGlobalSection
	GlobalSection(SolutionProperties) = preSolution
		HideSolutionNode = FALSE
	EndGlobalSection
	GlobalSection(ExtensibilityGlobals) = postSolution
		SolutionGuid = {D2B50468-53B5-4ED5-8783-D7251BA44D2F}
	EndGlobalSection
EndGlobal
